{
  "version": 4,
  "terraform_version": "1.6.0",
  "serial": 5,
  "lineage": "d5f63574-74c0-7f7c-5a56-e1cc5a37762f",
  "outputs": {},
  "resources": [
    {
      "module": "module.interface",
      "mode": "managed",
      "type": "sdwan_cisco_vpn_interface_feature_template",
      "name": "interface",
      "provider": "module.interface.provider[\"registry.terraform.io/ciscodevnet/sdwan\"]",
      "instances": [
        {
          "schema_version": 0,
          "attributes": {
            "access_lists": null,
            "address": null,
            "address_variable": null,
            "arp_timeout": null,
            "arp_timeout_variable": null,
            "auto_bandwidth_detect": null,
            "auto_bandwidth_detect_variable": null,
            "autonegotiate": null,
            "autonegotiate_variable": null,
            "bandwidth_downstream": null,
            "bandwidth_downstream_variable": null,
            "bandwidth_upstream": null,
            "bandwidth_upstream_variable": null,
            "block_non_source_ip": null,
            "block_non_source_ip_variable": null,
            "core_region": null,
            "core_region_variable": null,
            "description": "Feature Template for C8000v VPN 0 Interface",
            "device_types": [
              "vedge-C8000V"
            ],
            "dhcp": true,
            "dhcp_distance": 1,
            "dhcp_distance_variable": null,
            "dhcp_variable": null,
            "dhcpv6": null,
            "dhcpv6_variable": null,
            "duplex": null,
            "duplex_variable": null,
            "enable_core_region": null,
            "enable_sgt": null,
            "gre_tunnel_source_ip": null,
            "gre_tunnel_source_ip_variable": null,
            "gre_tunnel_xconnect": null,
            "gre_tunnel_xconnect_variable": null,
            "icmp_redirect_disable": null,
            "icmp_redirect_disable_variable": null,
            "id": "77040f8a-c6f9-4602-bfaf-389c62c17ade",
            "interface_description": "**Internet**",
            "interface_description_variable": null,
            "interface_mtu": null,
            "interface_mtu_variable": null,
            "interface_name": "GigabitEthernet1",
            "interface_name_variable": null,
            "ip_directed_broadcast": null,
            "ip_directed_broadcast_variable": null,
            "ip_mtu": null,
            "ip_mtu_variable": null,
            "iperf_server": null,
            "iperf_server_variable": null,
            "ipv4_dhcp_helper": null,
            "ipv4_dhcp_helper_variable": null,
            "ipv4_secondary_addresses": null,
            "ipv4_vrrps": null,
            "ipv6_access_lists": null,
            "ipv6_address": null,
            "ipv6_address_variable": null,
            "ipv6_dhcp_helpers": null,
            "ipv6_nat": null,
            "ipv6_nat_variable": null,
            "ipv6_secondary_addresses": null,
            "ipv6_vrrps": null,
            "load_interval": null,
            "load_interval_variable": null,
            "mac_address": null,
            "mac_address_variable": null,
            "media_type": null,
            "media_type_variable": null,
            "name": "feature_c8k_vpn0_interface",
            "nat": false,
            "nat64_interface": null,
            "nat64_interface_variable": null,
            "nat66_interface": null,
            "nat_inside_source_loopback_interface": null,
            "nat_inside_source_loopback_interface_variable": null,
            "nat_overload": null,
            "nat_overload_variable": null,
            "nat_pool_prefix_length": null,
            "nat_pool_prefix_length_variable": null,
            "nat_pool_range_end": null,
            "nat_pool_range_end_variable": null,
            "nat_pool_range_start": null,
            "nat_pool_range_start_variable": null,
            "nat_type": null,
            "nat_type_variable": null,
            "nat_variable": null,
            "per_tunnel_qos": null,
            "per_tunnel_qos_aggregator": null,
            "per_tunnel_qos_aggregator_variable": null,
            "per_tunnel_qos_variable": null,
            "poe": null,
            "poe_variable": null,
            "propagate_sgt": null,
            "qos_adaptive": true,
            "qos_adaptive_bandwidth_downstream": null,
            "qos_adaptive_bandwidth_downstream_variable": null,
            "qos_adaptive_bandwidth_upstream": null,
            "qos_adaptive_bandwidth_upstream_variable": null,
            "qos_adaptive_max_downstream": null,
            "qos_adaptive_max_downstream_variable": null,
            "qos_adaptive_max_upstream": null,
            "qos_adaptive_max_upstream_variable": null,
            "qos_adaptive_min_downstream": null,
            "qos_adaptive_min_downstream_variable": null,
            "qos_adaptive_min_upstream": null,
            "qos_adaptive_min_upstream_variable": null,
            "qos_adaptive_period": null,
            "qos_adaptive_period_variable": null,
            "qos_map": null,
            "qos_map_variable": null,
            "qos_map_vpn": null,
            "qos_map_vpn_variable": null,
            "rewrite_rule_name": null,
            "rewrite_rule_name_variable": null,
            "secondary_region": null,
            "secondary_region_variable": null,
            "sgt_enforcement": null,
            "sgt_enforcement_sgt": null,
            "sgt_enforcement_sgt_variable": null,
            "shaping_rate": null,
            "shaping_rate_variable": null,
            "shutdown": false,
            "shutdown_variable": null,
            "speed": null,
            "speed_variable": null,
            "static_arps": null,
            "static_nat66_entries": null,
            "static_nat_entries": null,
            "static_port_forward_entries": null,
            "static_sgt": null,
            "static_sgt_trusted": null,
            "static_sgt_variable": null,
            "tcp_mss_adjust": null,
            "tcp_mss_adjust_variable": null,
            "tcp_timeout": null,
            "tcp_timeout_variable": null,
            "template_type": "cisco_vpn_interface",
            "tloc_extension": null,
            "tloc_extension_variable": null,
            "tracker": null,
            "tracker_variable": null,
            "tunnel_bandwidth": null,
            "tunnel_bandwidth_variable": null,
            "tunnel_interface_allow_all": false,
            "tunnel_interface_allow_all_variable": null,
            "tunnel_interface_allow_bgp": false,
            "tunnel_interface_allow_bgp_variable": null,
            "tunnel_interface_allow_dhcp": true,
            "tunnel_interface_allow_dhcp_variable": null,
            "tunnel_interface_allow_dns": true,
            "tunnel_interface_allow_dns_variable": null,
            "tunnel_interface_allow_https": false,
            "tunnel_interface_allow_https_variable": null,
            "tunnel_interface_allow_icmp": true,
            "tunnel_interface_allow_icmp_variable": null,
            "tunnel_interface_allow_netconf": true,
            "tunnel_interface_allow_netconf_variable": null,
            "tunnel_interface_allow_ntp": true,
            "tunnel_interface_allow_ntp_variable": null,
            "tunnel_interface_allow_ospf": false,
            "tunnel_interface_allow_ospf_variable": null,
            "tunnel_interface_allow_snmp": false,
            "tunnel_interface_allow_snmp_variable": null,
            "tunnel_interface_allow_ssh": true,
            "tunnel_interface_allow_ssh_variable": null,
            "tunnel_interface_allow_stun": false,
            "tunnel_interface_allow_stun_variable": null,
            "tunnel_interface_bind_loopback_tunnel": null,
            "tunnel_interface_bind_loopback_tunnel_variable": null,
            "tunnel_interface_border": null,
            "tunnel_interface_border_variable": null,
            "tunnel_interface_carrier": null,
            "tunnel_interface_carrier_variable": null,
            "tunnel_interface_clear_dont_fragment": null,
            "tunnel_interface_clear_dont_fragment_variable": null,
            "tunnel_interface_color": "biz-internet",
            "tunnel_interface_color_restrict": null,
            "tunnel_interface_color_restrict_variable": null,
            "tunnel_interface_color_variable": null,
            "tunnel_interface_control_connections": null,
            "tunnel_interface_control_connections_variable": null,
            "tunnel_interface_encapsulations": [
              {
                "encapsulation": "ipsec",
                "optional": null,
                "preference": null,
                "preference_variable": null,
                "weight": null,
                "weight_variable": null
              }
            ],
            "tunnel_interface_exclude_controller_group_list": null,
            "tunnel_interface_exclude_controller_group_list_variable": null,
            "tunnel_interface_gre_tunnel_destination_ip": null,
            "tunnel_interface_gre_tunnel_destination_ip_variable": null,
            "tunnel_interface_groups": null,
            "tunnel_interface_groups_variable": null,
            "tunnel_interface_hello_interval": null,
            "tunnel_interface_hello_interval_variable": null,
            "tunnel_interface_hello_tolerance": null,
            "tunnel_interface_hello_tolerance_variable": null,
            "tunnel_interface_last_resort_circuit": null,
            "tunnel_interface_last_resort_circuit_variable": null,
            "tunnel_interface_low_bandwidth_link": null,
            "tunnel_interface_low_bandwidth_link_variable": null,
            "tunnel_interface_max_control_connections": null,
            "tunnel_interface_max_control_connections_variable": null,
            "tunnel_interface_nat_refresh_interval": null,
            "tunnel_interface_nat_refresh_interval_variable": null,
            "tunnel_interface_network_broadcast": null,
            "tunnel_interface_network_broadcast_variable": null,
            "tunnel_interface_port_hop": null,
            "tunnel_interface_port_hop_variable": null,
            "tunnel_interface_propagate_sgt": null,
            "tunnel_interface_propagate_sgt_variable": null,
            "tunnel_interface_tunnel_tcp_mss": null,
            "tunnel_interface_tunnel_tcp_mss_variable": null,
            "tunnel_interface_vbond_as_stun_server": null,
            "tunnel_interface_vbond_as_stun_server_variable": null,
            "tunnel_interface_vmanage_connection_preference": null,
            "tunnel_interface_vmanage_connection_preference_variable": null,
            "tunnel_qos_mode": null,
            "tunnel_qos_mode_variable": null,
            "udp_timeout": null,
            "udp_timeout_variable": null,
            "version": 1
          },
          "sensitive_attributes": []
        }
      ]
    },
    {
      "module": "module.vpn0",
      "mode": "managed",
      "type": "sdwan_cisco_vpn_feature_template",
      "name": "vpn0",
      "provider": "module.vpn0.provider[\"registry.terraform.io/ciscodevnet/sdwan\"]",
      "instances": [
        {
          "schema_version": 0,
          "attributes": {
            "description": "VPN 0 Feature Template for C8000V",
            "device_types": [
              "vedge-C8000V"
            ],
            "dns_hosts": [
              {
                "hostname": "vbond-test-drive",
                "hostname_variable": null,
                "ip": [
                  "10.1.1.5"
                ],
                "ip_variable": null,
                "optional": null
              }
            ],
            "dns_ipv4_servers": null,
            "dns_ipv6_servers": null,
            "enhance_ecmp_keying": true,
            "enhance_ecmp_keying_variable": null,
            "id": "f328353d-e4be-4e2e-8f79-86102fd10828",
            "ipv4_static_gre_routes": null,
            "ipv4_static_ipsec_routes": null,
            "ipv4_static_routes": null,
            "ipv4_static_service_routes": null,
            "ipv6_static_routes": null,
            "name": "feature-c8k-vpn0",
            "nat64_pools": null,
            "nat_pools": null,
            "omp_admin_distance_ipv4": 10,
            "omp_admin_distance_ipv4_variable": null,
            "omp_admin_distance_ipv6": 10,
            "omp_admin_distance_ipv6_variable": null,
            "omp_advertise_ipv4_routes": null,
            "omp_advertise_ipv6_routes": null,
            "organization_name": null,
            "port_forward_rules": null,
            "route_global_exports": null,
            "route_global_imports": null,
            "route_vpn_imports": null,
            "services": null,
            "static_nat_rules": null,
            "static_nat_subnet_rules": null,
            "template_type": "cisco_vpn",
            "tenant_vpn_id": null,
            "version": 0,
            "vpn_id": 0,
            "vpn_name": null,
            "vpn_name_variable": null
          },
          "sensitive_attributes": []
        }
      ]
    }
  ],
  "check_results": null
}
