{
  "version": 4,
  "terraform_version": "1.6.0",
  "serial": 3,
  "lineage": "e0207f64-1312-632b-62a7-00e6e402c6e5",
  "outputs": {},
  "resources": [
    {
      "mode": "managed",
      "type": "sdwan_cisco_system_feature_template",
      "name": "system",
      "provider": "provider[\"registry.terraform.io/ciscodevnet/sdwan\"]",
      "instances": [
        {
          "schema_version": 0,
          "attributes": {
            "admin_tech_on_failure": null,
            "admin_tech_on_failure_variable": null,
            "affinity_group_number": null,
            "affinity_group_number_variable": null,
            "affinity_group_preference": null,
            "affinity_group_preference_variable": null,
            "console_baud_rate": "115200",
            "console_baud_rate_variable": null,
            "control_session_pps": null,
            "control_session_pps_variable": null,
            "controller_group_list": null,
            "controller_group_list_variable": null,
            "description": "My cisco system feature template",
            "device_groups": null,
            "device_groups_variable": null,
            "device_types": [
              "vedge-C8000V"
            ],
            "enable_mrf_migration": null,
            "geo_fencing": null,
            "geo_fencing_range": null,
            "geo_fencing_range_variable": null,
            "geo_fencing_sms": null,
            "geo_fencing_sms_phone_numbers": null,
            "hostname": null,
            "hostname_variable": "var_hostname",
            "id": "21484b4a-9353-4ff7-b186-a7062305d747",
            "idle_timeout": null,
            "idle_timeout_variable": null,
            "latitude": null,
            "latitude_variable": null,
            "location": null,
            "location_variable": null,
            "longitude": null,
            "longitude_variable": null,
            "max_omp_sessions": null,
            "max_omp_sessions_variable": null,
            "migration_bgp_community": null,
            "multi_tenant": null,
            "multi_tenant_variable": null,
            "name": "TF_SYSTEM_1",
            "object_trackers": null,
            "on_demand_tunnel": null,
            "on_demand_tunnel_idle_timeout": null,
            "on_demand_tunnel_idle_timeout_variable": null,
            "on_demand_tunnel_variable": null,
            "overlay_id": null,
            "overlay_id_variable": null,
            "port_hopping": null,
            "port_hopping_variable": null,
            "port_offset": null,
            "port_offset_variable": null,
            "region_id": null,
            "region_id_variable": null,
            "role": null,
            "role_variable": null,
            "secondary_region_id": null,
            "secondary_region_id_variable": null,
            "site_id": null,
            "site_id_variable": "var_site_id",
            "system_description": null,
            "system_description_variable": null,
            "system_ip": null,
            "system_ip_variable": "var_system_ip",
            "template_type": "cisco_system",
            "timezone": null,
            "timezone_variable": null,
            "track_default_gateway": null,
            "track_default_gateway_variable": null,
            "track_interface_tag": null,
            "track_interface_tag_variable": null,
            "track_transport": null,
            "track_transport_variable": null,
            "trackers": null,
            "transport_gateway": null,
            "transport_gateway_variable": null,
            "version": 0
          },
          "sensitive_attributes": []
        }
      ]
    },
    {
      "mode": "managed",
      "type": "sdwan_feature_device_template",
      "name": "device_template_1",
      "provider": "provider[\"registry.terraform.io/ciscodevnet/sdwan\"]",
      "instances": [
        {
          "schema_version": 0,
          "attributes": {
            "description": "My device template 1",
            "device_role": null,
            "device_type": "vedge-C8000V",
            "general_templates": [
              {
                "id": "21484b4a-9353-4ff7-b186-a7062305d747",
                "sub_templates": null,
                "type": "cisco_system",
                "version": 0
              }
            ],
            "id": "5a2c98c7-c2bc-493c-9ef9-08156f651bc7",
            "name": "TF_DT1_ALL",
            "policy_id": null,
            "policy_version": null,
            "security_policy_id": null,
            "security_policy_version": null,
            "version": 0
          },
          "sensitive_attributes": [],
          "dependencies": [
            "sdwan_cisco_system_feature_template.system"
          ]
        }
      ]
    }
  ],
  "check_results": null
}
